PODS:
  - Flutter (1.0.0)
  - simple_secure_storage_darwin (0.0.1):
    - Flutter
    - FlutterMacOS

DEPENDENCIES:
  - Flutter (from `Flutter`)
  - simple_secure_storage_darwin (from `.symlinks/plugins/simple_secure_storage_darwin/darwin`)

EXTERNAL SOURCES:
  Flutter:
    :path: Flutter
  simple_secure_storage_darwin:
    :path: ".symlinks/plugins/simple_secure_storage_darwin/darwin"

SPEC CHECKSUMS:
  Flutter: cabc95a1d2626b1b06e7179b784ebcf0c0cde467
  simple_secure_storage_darwin: a0ae551f37462248ee6693eac8c9be1f12a16899

PODFILE CHECKSUM: 2150b12de197d4f32fe2797a6015bb6892bb07df

COCOAPODS: 1.16.2
